
Microsoft Visual Studio Solution File, Format Version 12.00
# Visual Studio Version 17
VisualStudioVersion = 17.5.33627.172
MinimumVisualStudioVersion = 10.0.40219.1
Project("{FAE04EC0-301F-11D3-BF4B-00C04F79EFBC}") = "ConsoleApp_Exercise14.3.3_SkillFactory_Csh-dev", "ConsoleApp_Exercise14.3.3_SkillFactory_Csh-dev\ConsoleApp_Exercise14.3.3_SkillFactory_Csh-dev.csproj", "{F6CADCAC-9F4F-4377-B0F1-39D56081604B}"
EndProject
Global
	GlobalSection(SolutionConfigurationPlatforms) = preSolution
		Debug|Any CPU = Debug|Any CPU
		Release|Any CPU = Release|Any CPU
	EndGlobalSection
	GlobalSection(ProjectConfigurationPlatforms) = postSolution
		{F6CADCAC-9F4F-4377-B0F1-39D56081604B}.Debug|Any CPU.ActiveCfg = Debug|Any CPU
		{F6CADCAC-9F4F-4377-B0F1-39D56081604B}.Debug|Any CPU.Build.0 = Debug|Any CPU
		{F6CADCAC-9F4F-4377-B0F1-39D56081604B}.Release|Any CPU.ActiveCfg = Release|Any CPU
		{F6CADCAC-9F4F-4377-B0F1-39D56081604B}.Release|Any CPU.Build.0 = Release|Any CPU
	EndGlobalSection
	GlobalSection(SolutionProperties) = preSolution
		HideSolutionNode = FALSE
	EndGlobalSection
	GlobalSection(ExtensibilityGlobals) = postSolution
		SolutionGuid = {C030FDD5-8A3A-4632-8123-A25582C86CF1}
	EndGlobalSection
EndGlobal
